
Microsoft Visual Studio Solution File, Format Version 12.00
# Visual Studio Version 16
VisualStudioVersion = 16.0.31624.102
MinimumVisualStudioVersion = 10.0.40219.1
Project("{FAE04EC0-301F-11D3-BF4B-00C04F79EFBC}") = "PRManagementusinglinq", "PRManagementusinglinq.csproj", "{81FDDC68-EB12-488F-94AE-FD9C771EDB34}"
EndProject
Global
	GlobalSection(SolutionConfigurationPlatforms) = preSolution
		Debug|Any CPU = Debug|Any CPU
		Release|Any CPU = Release|Any CPU
	EndGlobalSection
	GlobalSection(ProjectConfigurationPlatforms) = postSolution
		{81FDDC68-EB12-488F-94AE-FD9C771EDB34}.Debug|Any CPU.ActiveCfg = Debug|Any CPU
		{81FDDC68-EB12-488F-94AE-FD9C771EDB34}.Debug|Any CPU.Build.0 = Debug|Any CPU
		{81FDDC68-EB12-488F-94AE-FD9C771EDB34}.Release|Any CPU.ActiveCfg = Release|Any CPU
		{81FDDC68-EB12-488F-94AE-FD9C771EDB34}.Release|Any CPU.Build.0 = Release|Any CPU
	EndGlobalSection
	GlobalSection(SolutionProperties) = preSolution
		HideSolutionNode = FALSE
	EndGlobalSection
	GlobalSection(ExtensibilityGlobals) = postSolution
		SolutionGuid = {36CFF7E2-FFE3-4E28-85C7-1D5AD6690503}
	EndGlobalSection
EndGlobal
